
Microsoft Visual Studio Solution File, Format Version 12.00
# Visual Studio Version 16
VisualStudioVersion = 16.0.29728.190
MinimumVisualStudioVersion = 10.0.40219.1
Project("{9A19103F-16F7-4668-BE54-9A1E7A4F7556}") = "Records-Api", "Records-Api\Records-Api.csproj", "{E9179107-B89B-4F70-AC36-CAA33A1FDA8C}"
EndProject
Project("{9A19103F-16F7-4668-BE54-9A1E7A4F7556}") = "Records-Web", "Records-Web\Records-Web.csproj", "{AD25866B-96E0-420E-B36C-D020C92890B2}"
EndProject
Project("{FAE04EC0-301F-11D3-BF4B-00C04F79EFBC}") = "Business", "Business\Business.csproj", "{E4DBD33C-59B2-4B03-84BE-65A6922A541A}"
EndProject
Global
	GlobalSection(SolutionConfigurationPlatforms) = preSolution
		Debug|Any CPU = Debug|Any CPU
		Release|Any CPU = Release|Any CPU
	EndGlobalSection
	GlobalSection(ProjectConfigurationPlatforms) = postSolution
		{E9179107-B89B-4F70-AC36-CAA33A1FDA8C}.Debug|Any CPU.ActiveCfg = Debug|Any CPU
		{E9179107-B89B-4F70-AC36-CAA33A1FDA8C}.Debug|Any CPU.Build.0 = Debug|Any CPU
		{E9179107-B89B-4F70-AC36-CAA33A1FDA8C}.Release|Any CPU.ActiveCfg = Release|Any CPU
		{E9179107-B89B-4F70-AC36-CAA33A1FDA8C}.Release|Any CPU.Build.0 = Release|Any CPU
		{AD25866B-96E0-420E-B36C-D020C92890B2}.Debug|Any CPU.ActiveCfg = Debug|Any CPU
		{AD25866B-96E0-420E-B36C-D020C92890B2}.Debug|Any CPU.Build.0 = Debug|Any CPU
		{AD25866B-96E0-420E-B36C-D020C92890B2}.Release|Any CPU.ActiveCfg = Release|Any CPU
		{AD25866B-96E0-420E-B36C-D020C92890B2}.Release|Any CPU.Build.0 = Release|Any CPU
		{E4DBD33C-59B2-4B03-84BE-65A6922A541A}.Debug|Any CPU.ActiveCfg = Debug|Any CPU
		{E4DBD33C-59B2-4B03-84BE-65A6922A541A}.Debug|Any CPU.Build.0 = Debug|Any CPU
		{E4DBD33C-59B2-4B03-84BE-65A6922A541A}.Release|Any CPU.ActiveCfg = Release|Any CPU
		{E4DBD33C-59B2-4B03-84BE-65A6922A541A}.Release|Any CPU.Build.0 = Release|Any CPU
	EndGlobalSection
	GlobalSection(SolutionProperties) = preSolution
		HideSolutionNode = FALSE
	EndGlobalSection
	GlobalSection(ExtensibilityGlobals) = postSolution
		SolutionGuid = {3723CF94-8A4E-4897-AEF7-18F75350C993}
	EndGlobalSection
EndGlobal
